{
  "name": "okta-solution-praksa",
  "lockfileVersion": 2,
  "requires": true,
  "packages": {
    "": {
      "dependencies": {
        "@progress/kendo-data-query": "^1.5.5",
        "@progress/kendo-drawing": "^1.16.0",
        "@progress/kendo-licensing": "^1.2.1",
        "@progress/kendo-react-animation": "^4.10.0",
        "@progress/kendo-react-data-tools": "^4.10.0",
        "@progress/kendo-react-dateinputs": "^4.10.0",
        "@progress/kendo-react-dropdowns": "^4.10.0",
        "@progress/kendo-react-grid": "^4.10.0",
        "@progress/kendo-react-inputs": "^4.10.0",
        "@progress/kendo-react-intl": "^4.10.0",
        "@progress/kendo-theme-default": "^4.42.0"
      }
    },
    "node_modules/@babel/runtime": {
      "version": "7.16.3",
      "license": "MIT",
      "dependencies": {
        "regenerator-runtime": "^0.13.4"
      },
      "engines": {
        "node": ">=6.9.0"
      }
    },
    "node_modules/@progress/kendo-data-query": {
      "version": "1.5.5",
      "resolved": "https://registry.npmjs.org/@progress/kendo-data-query/-/kendo-data-query-1.5.5.tgz",
      "integrity": "sha512-V0Q4mgooLM/mThJnuSYI7bt7ZBQj3dwUHrubZEB6kkPu82p6KVLkTC9db3L3H/NFA9NvoioLRjSyccUMQlxcTw==",
      "dependencies": {
        "tslib": "^1.7.0"
      }
    },
    "node_modules/@progress/kendo-date-math": {
      "version": "1.5.4",
      "license": "SEE LICENSE IN LICENSE.md",
      "dependencies": {
        "tslib": "^1.7.0"
      }
    },
    "node_modules/@progress/kendo-drawing": {
      "version": "1.16.0",
      "resolved": "https://registry.npmjs.org/@progress/kendo-drawing/-/kendo-drawing-1.16.0.tgz",
      "integrity": "sha512-Op9Yyr039ZYPenarD7Owrdu8xQxY9U41NAOzbJGGGtTR2i8L/29h8tlQHGQxwarGAr3XUvWL7zN8amBF6d02UA==",
      "dependencies": {
        "@progress/pako-esm": "^1.0.1"
      }
    },
    "node_modules/@progress/kendo-licensing": {
      "version": "1.2.1",
      "resolved": "https://registry.npmjs.org/@progress/kendo-licensing/-/kendo-licensing-1.2.1.tgz",
      "integrity": "sha512-j17Mvl1wxdF8C+v6iokssV7tdaeWqCr8zkczTr5jfTe6Fg9DEbFfvt0bl8UnTLg41dc5R14dp8ZVhdnS+sdDrg==",
      "hasInstallScript": true,
      "dependencies": {
        "jsonwebtoken": "^8.5.1"
      },
      "bin": {
        "kendo-ui-license": "bin/kendo-ui-license.js"
      }
    },
    "node_modules/@progress/kendo-popup-common": {
      "version": "1.8.0",
      "license": "Apache-2.0"
    },
    "node_modules/@progress/kendo-react-animation": {
      "version": "4.10.0",
      "resolved": "https://registry.npmjs.org/@progress/kendo-react-animation/-/kendo-react-animation-4.10.0.tgz",
      "integrity": "sha512-HZkk0WmKo5EnFuwcaDNIn7lRGyZzEQNT2Iusl8V2irs19mRFYawhMrAqrfe9vFhU7qA0h7tqnsqfSS+Ak/40KQ==",
      "dependencies": {
        "@progress/kendo-react-common": "4.10.0",
        "prop-types": "^15.6.0",
        "react-transition-group": "^4.4.2"
      },
      "peerDependencies": {
        "@progress/kendo-licensing": "^1.0.1",
        "react": "^16.8.2 || ^17.0.0",
        "react-dom": "^16.8.2 || ^17.0.0"
      }
    },
    "node_modules/@progress/kendo-react-buttons": {
      "version": "4.10.0",
      "license": "SEE LICENSE IN LICENSE.md",
      "dependencies": {
        "@progress/kendo-react-common": "4.10.0",
        "@progress/kendo-react-popup": "4.10.0",
        "prop-types": "^15.6.0"
      },
      "peerDependencies": {
        "@progress/kendo-licensing": "^1.0.1",
        "react": "^16.8.2 || ^17.0.0",
        "react-dom": "^16.8.2 || ^17.0.0"
      }
    },
    "node_modules/@progress/kendo-react-common": {
      "version": "4.10.0",
      "license": "SEE LICENSE IN LICENSE.md",
      "dependencies": {
        "@telerik/kendo-draggable": "^2.2.1",
        "prop-types": "^15.6.0"
      },
      "peerDependencies": {
        "@progress/kendo-licensing": "^1.0.1",
        "react": "^16.8.2 || ^17.0.0",
        "react-dom": "^16.8.2 || ^17.0.0"
      }
    },
    "node_modules/@progress/kendo-react-data-tools": {
      "version": "4.10.0",
      "resolved": "https://registry.npmjs.org/@progress/kendo-react-data-tools/-/kendo-react-data-tools-4.10.0.tgz",
      "integrity": "sha512-IGRkx/h2KoHb6kut8sbjIeS1tr9EfzJnSn+d5wewHfXgSpsvzQPBriaoKUQ/jBnHhk7vy4WL9juda82j8kIaCg==",
      "dependencies": {
        "@progress/kendo-react-common": "4.10.0",
        "prop-types": "^15.6.0"
      },
      "peerDependencies": {
        "@progress/kendo-data-query": "^1.0.0",
        "@progress/kendo-drawing": "^1.2.0",
        "@progress/kendo-licensing": "^1.0.1",
        "@progress/kendo-react-animation": "^4.0.0",
        "@progress/kendo-react-buttons": "^4.0.0",
        "@progress/kendo-react-dateinputs": "^4.0.0",
        "@progress/kendo-react-dropdowns": "^4.0.0",
        "@progress/kendo-react-inputs": "^4.0.0",
        "@progress/kendo-react-intl": "^4.0.0",
        "@progress/kendo-react-popup": "^4.0.0",
        "react": "^16.8.2 || ^17.0.0",
        "react-dom": "^16.8.2 || ^17.0.0"
      }
    },
    "node_modules/@progress/kendo-react-dateinputs": {
      "version": "4.10.0",
      "resolved": "https://registry.npmjs.org/@progress/kendo-react-dateinputs/-/kendo-react-dateinputs-4.10.0.tgz",
      "integrity": "sha512-Rrk5V3c/v2Z4aQ+xiTLs6upS7Qa7w5jsZRzcH1xaABtyCz7wAN5pRKj1MmHrWDM74wpsdvxJnEgMCk2yNdT76g==",
      "dependencies": {
        "@progress/kendo-date-math": "^1.4.0",
        "@progress/kendo-react-buttons": "4.10.0",
        "@progress/kendo-react-common": "4.10.0",
        "@progress/kendo-react-labels": "4.10.0",
        "@progress/kendo-react-popup": "4.10.0",
        "prop-types": "^15.6.0"
      },
      "peerDependencies": {
        "@progress/kendo-licensing": "^1.0.1",
        "@progress/kendo-react-intl": "^4.0.0",
        "react": "^16.8.2 || ^17.0.0",
        "react-dom": "^16.8.2 || ^17.0.0"
      }
    },
    "node_modules/@progress/kendo-react-dropdowns": {
      "version": "4.10.0",
      "resolved": "https://registry.npmjs.org/@progress/kendo-react-dropdowns/-/kendo-react-dropdowns-4.10.0.tgz",
      "integrity": "sha512-MFglYWYECsq4KnlTGQCIIEUCDI9BYnMeEouZIrYcYctMEkNFqvtrQIIUBmDByLY85TWRBNcVl/9HeiCQ8WWAHw==",
      "dependencies": {
        "@progress/kendo-react-common": "4.10.0",
        "@progress/kendo-react-labels": "4.10.0",
        "@progress/kendo-react-popup": "4.10.0",
        "prop-types": "^15.6.0"
      },
      "peerDependencies": {
        "@progress/kendo-licensing": "^1.0.1",
        "@progress/kendo-react-intl": "^4.0.0",
        "@progress/kendo-react-treeview": "^4.0.0",
        "react": "^16.8.2 || ^17.0.0",
        "react-dom": "^16.8.2 || ^17.0.0"
      }
    },
    "node_modules/@progress/kendo-react-grid": {
      "version": "4.10.0",
      "resolved": "https://registry.npmjs.org/@progress/kendo-react-grid/-/kendo-react-grid-4.10.0.tgz",
      "integrity": "sha512-oDHBYnUbMtEPP1zTY+lWuVsvPyP5DNuDlAB8wY4R5+RxyR52JI0Mg6KrkFSi5clprPaWPP804KmsMgzvTmIpRQ==",
      "dependencies": {
        "@progress/kendo-react-common": "4.10.0",
        "prop-types": "^15.6.0"
      },
      "peerDependencies": {
        "@progress/kendo-data-query": "^1.0.0",
        "@progress/kendo-drawing": "^1.2.0",
        "@progress/kendo-licensing": "^1.0.1",
        "@progress/kendo-react-animation": "^4.0.0",
        "@progress/kendo-react-data-tools": "^4.0.0",
        "@progress/kendo-react-dateinputs": "^4.0.0",
        "@progress/kendo-react-dropdowns": "^4.0.0",
        "@progress/kendo-react-inputs": "^4.0.0",
        "@progress/kendo-react-intl": "^4.0.0",
        "@progress/kendo-react-popup": "^4.0.0",
        "react": "^16.8.2 || ^17.0.0",
        "react-dom": "^16.8.2 || ^17.0.0"
      }
    },
    "node_modules/@progress/kendo-react-inputs": {
      "version": "4.10.0",
      "resolved": "https://registry.npmjs.org/@progress/kendo-react-inputs/-/kendo-react-inputs-4.10.0.tgz",
      "integrity": "sha512-jBGuSiGqKRlJkxWISt0Ez5o6dVeqRYygHKpkyqr7wdffELkuP1ODU50J0YY5GlmlPzASmDn1kgo3woSHd4hbAA==",
      "dependencies": {
        "@progress/kendo-react-common": "4.10.0",
        "@progress/kendo-react-labels": "4.10.0",
        "@progress/kendo-react-popup": "4.10.0",
        "prop-types": "^15.6.0"
      },
      "peerDependencies": {
        "@progress/kendo-drawing": "^1.5.12",
        "@progress/kendo-licensing": "^1.0.1",
        "@progress/kendo-react-animation": "^4.0.0",
        "@progress/kendo-react-intl": "^4.0.0",
        "react": "^16.8.2 || ^17.0.0",
        "react-dom": "^16.8.2 || ^17.0.0"
      }
    },
    "node_modules/@progress/kendo-react-intl": {
      "version": "4.10.0",
      "resolved": "https://registry.npmjs.org/@progress/kendo-react-intl/-/kendo-react-intl-4.10.0.tgz",
      "integrity": "sha512-OiUjtUle8BPxSnfMTfZCD55dHoh+gJ4b9b3+9AcSA86yPhQ5YxFMKfgDOmsUDzJmMQL5MnjTMFZGnWy42THxOw==",
      "dependencies": {
        "@telerik/kendo-intl": "^2.1.0",
        "prop-types": "^15.6.0"
      },
      "peerDependencies": {
        "@progress/kendo-licensing": "^1.0.1",
        "react": "^16.8.2 || ^17.0.0",
        "react-dom": "^16.8.2 || ^17.0.0"
      }
    },
    "node_modules/@progress/kendo-react-labels": {
      "version": "4.10.0",
      "license": "SEE LICENSE IN LICENSE.md",
      "dependencies": {
        "@progress/kendo-react-common": "4.10.0",
        "prop-types": "^15.6.0"
      },
      "peerDependencies": {
        "@progress/kendo-licensing": "^1.0.1",
        "@progress/kendo-react-intl": "^4.0.0",
        "react": "^16.8.2 || ^17.0.0",
        "react-dom": "^16.8.2 || ^17.0.0"
      }
    },
    "node_modules/@progress/kendo-react-popup": {
      "version": "4.10.0",
      "license": "SEE LICENSE IN LICENSE.md",
      "dependencies": {
        "@progress/kendo-popup-common": "^1.2.2",
        "@progress/kendo-react-common": "4.10.0",
        "prop-types": "^15.6.0"
      },
      "peerDependencies": {
        "@progress/kendo-licensing": "^1.0.1",
        "react": "^16.8.2 || ^17.0.0",
        "react-dom": "^16.8.2 || ^17.0.0"
      }
    },
    "node_modules/@progress/kendo-react-treeview": {
      "version": "4.10.0",
      "license": "SEE LICENSE IN LICENSE.md",
      "peer": true,
      "dependencies": {
        "@progress/kendo-react-common": "4.10.0",
        "prop-types": "^15.6.0"
      },
      "peerDependencies": {
        "@progress/kendo-licensing": "^1.0.1",
        "@progress/kendo-react-animation": "^4.0.0",
        "react": "^16.8.2 || ^17.0.0",
        "react-dom": "^16.8.2 || ^17.0.0"
      }
    },
    "node_modules/@progress/kendo-theme-default": {
      "version": "4.42.0",
      "resolved": "https://registry.npmjs.org/@progress/kendo-theme-default/-/kendo-theme-default-4.42.0.tgz",
      "integrity": "sha512-0rxgq0YSBuzcjCTAati1oCnUb0Pu+4HCSS0DV25eG5n8qFQwddE+sYHD1/3Fv5XBOlaSx5sF16hh7rCBsU12wA=="
    },
    "node_modules/@progress/pako-esm": {
      "version": "1.0.1",
      "license": "SEE LICENSE IN LICENSE.md"
    },
    "node_modules/@telerik/kendo-draggable": {
      "version": "2.2.1",
      "license": "Apache-2.0"
    },
    "node_modules/@telerik/kendo-intl": {
      "version": "2.3.0",
      "license": "Apache-2.0"
    },
    "node_modules/buffer-equal-constant-time": {
      "version": "1.0.1",
      "license": "BSD-3-Clause"
    },
    "node_modules/dom-helpers": {
      "version": "5.2.1",
      "license": "MIT",
      "dependencies": {
        "@babel/runtime": "^7.8.7",
        "csstype": "^3.0.2"
      }
    },
    "node_modules/dom-helpers/node_modules/csstype": {
      "version": "3.0.10",
      "license": "MIT"
    },
    "node_modules/ecdsa-sig-formatter": {
      "version": "1.0.11",
      "license": "Apache-2.0",
      "dependencies": {
        "safe-buffer": "^5.0.1"
      }
    },
    "node_modules/js-tokens": {
      "version": "4.0.0",
      "license": "MIT"
    },
    "node_modules/jsonwebtoken": {
      "version": "8.5.1",
      "license": "MIT",
      "dependencies": {
        "jws": "^3.2.2",
        "lodash.includes": "^4.3.0",
        "lodash.isboolean": "^3.0.3",
        "lodash.isinteger": "^4.0.4",
        "lodash.isnumber": "^3.0.3",
        "lodash.isplainobject": "^4.0.6",
        "lodash.isstring": "^4.0.1",
        "lodash.once": "^4.0.0",
        "ms": "^2.1.1",
        "semver": "^5.6.0"
      },
      "engines": {
        "node": ">=4",
        "npm": ">=1.4.28"
      }
    },
    "node_modules/jwa": {
      "version": "1.4.1",
      "license": "MIT",
      "dependencies": {
        "buffer-equal-constant-time": "1.0.1",
        "ecdsa-sig-formatter": "1.0.11",
        "safe-buffer": "^5.0.1"
      }
    },
    "node_modules/jws": {
      "version": "3.2.2",
      "license": "MIT",
      "dependencies": {
        "jwa": "^1.4.1",
        "safe-buffer": "^5.0.1"
      }
    },
    "node_modules/lodash.includes": {
      "version": "4.3.0",
      "license": "MIT"
    },
    "node_modules/lodash.isboolean": {
      "version": "3.0.3",
      "license": "MIT"
    },
    "node_modules/lodash.isinteger": {
      "version": "4.0.4",
      "license": "MIT"
    },
    "node_modules/lodash.isnumber": {
      "version": "3.0.3",
      "license": "MIT"
    },
    "node_modules/lodash.isplainobject": {
      "version": "4.0.6",
      "license": "MIT"
    },
    "node_modules/lodash.isstring": {
      "version": "4.0.1",
      "license": "MIT"
    },
    "node_modules/lodash.once": {
      "version": "4.1.1",
      "license": "MIT"
    },
    "node_modules/loose-envify": {
      "version": "1.4.0",
      "license": "MIT",
      "dependencies": {
        "js-tokens": "^3.0.0 || ^4.0.0"
      },
      "bin": {
        "loose-envify": "cli.js"
      }
    },
    "node_modules/ms": {
      "version": "2.1.3",
      "license": "MIT"
    },
    "node_modules/object-assign": {
      "version": "4.1.1",
      "license": "MIT",
      "engines": {
        "node": ">=0.10.0"
      }
    },
    "node_modules/prop-types": {
      "version": "15.7.2",
      "license": "MIT",
      "dependencies": {
        "loose-envify": "^1.4.0",
        "object-assign": "^4.1.1",
        "react-is": "^16.8.1"
      }
    },
    "node_modules/react": {
      "version": "16.14.0",
      "license": "MIT",
      "peer": true,
      "dependencies": {
        "loose-envify": "^1.1.0",
        "object-assign": "^4.1.1",
        "prop-types": "^15.6.2"
      },
      "engines": {
        "node": ">=0.10.0"
      }
    },
    "node_modules/react-dom": {
      "version": "16.14.0",
      "license": "MIT",
      "peer": true,
      "dependencies": {
        "loose-envify": "^1.1.0",
        "object-assign": "^4.1.1",
        "prop-types": "^15.6.2",
        "scheduler": "^0.19.1"
      },
      "peerDependencies": {
        "react": "^16.14.0"
      }
    },
    "node_modules/react-is": {
      "version": "16.13.1",
      "license": "MIT"
    },
    "node_modules/react-transition-group": {
      "version": "4.4.2",
      "license": "BSD-3-Clause",
      "dependencies": {
        "@babel/runtime": "^7.5.5",
        "dom-helpers": "^5.0.1",
        "loose-envify": "^1.4.0",
        "prop-types": "^15.6.2"
      },
      "peerDependencies": {
        "react": ">=16.6.0",
        "react-dom": ">=16.6.0"
      }
    },
    "node_modules/regenerator-runtime": {
      "version": "0.13.9",
      "license": "MIT"
    },
    "node_modules/safe-buffer": {
      "version": "5.1.2",
      "license": "MIT"
    },
    "node_modules/scheduler": {
      "version": "0.19.1",
      "license": "MIT",
      "peer": true,
      "dependencies": {
        "loose-envify": "^1.1.0",
        "object-assign": "^4.1.1"
      }
    },
    "node_modules/semver": {
      "version": "5.7.1",
      "license": "ISC",
      "bin": {
        "semver": "bin/semver"
      }
    },
    "node_modules/tslib": {
      "version": "1.14.1",
      "license": "0BSD"
    }
  },
  "dependencies": {
    "@babel/runtime": {
      "version": "7.16.3",
      "requires": {
        "regenerator-runtime": "^0.13.4"
      }
    },
    "@progress/kendo-data-query": {
      "version": "1.5.5",
      "resolved": "https://registry.npmjs.org/@progress/kendo-data-query/-/kendo-data-query-1.5.5.tgz",
      "integrity": "sha512-V0Q4mgooLM/mThJnuSYI7bt7ZBQj3dwUHrubZEB6kkPu82p6KVLkTC9db3L3H/NFA9NvoioLRjSyccUMQlxcTw==",
      "requires": {
        "tslib": "^1.7.0"
      }
    },
    "@progress/kendo-date-math": {
      "version": "1.5.4",
      "requires": {
        "tslib": "^1.7.0"
      }
    },
    "@progress/kendo-drawing": {
      "version": "1.16.0",
      "resolved": "https://registry.npmjs.org/@progress/kendo-drawing/-/kendo-drawing-1.16.0.tgz",
      "integrity": "sha512-Op9Yyr039ZYPenarD7Owrdu8xQxY9U41NAOzbJGGGtTR2i8L/29h8tlQHGQxwarGAr3XUvWL7zN8amBF6d02UA==",
      "requires": {
        "@progress/pako-esm": "^1.0.1"
      }
    },
    "@progress/kendo-licensing": {
      "version": "1.2.1",
      "resolved": "https://registry.npmjs.org/@progress/kendo-licensing/-/kendo-licensing-1.2.1.tgz",
      "integrity": "sha512-j17Mvl1wxdF8C+v6iokssV7tdaeWqCr8zkczTr5jfTe6Fg9DEbFfvt0bl8UnTLg41dc5R14dp8ZVhdnS+sdDrg==",
      "requires": {
        "jsonwebtoken": "^8.5.1"
      }
    },
    "@progress/kendo-popup-common": {
      "version": "1.8.0"
    },
    "@progress/kendo-react-animation": {
      "version": "4.10.0",
      "resolved": "https://registry.npmjs.org/@progress/kendo-react-animation/-/kendo-react-animation-4.10.0.tgz",
      "integrity": "sha512-HZkk0WmKo5EnFuwcaDNIn7lRGyZzEQNT2Iusl8V2irs19mRFYawhMrAqrfe9vFhU7qA0h7tqnsqfSS+Ak/40KQ==",
      "requires": {
        "@progress/kendo-react-common": "4.10.0",
        "prop-types": "^15.6.0",
        "react-transition-group": "^4.4.2"
      }
    },
    "@progress/kendo-react-buttons": {
      "version": "4.10.0",
      "requires": {
        "@progress/kendo-react-common": "4.10.0",
        "@progress/kendo-react-popup": "4.10.0",
        "prop-types": "^15.6.0"
      }
    },
    "@progress/kendo-react-common": {
      "version": "4.10.0",
      "requires": {
        "@telerik/kendo-draggable": "^2.2.1",
        "prop-types": "^15.6.0"
      }
    },
    "@progress/kendo-react-data-tools": {
      "version": "4.10.0",
      "resolved": "https://registry.npmjs.org/@progress/kendo-react-data-tools/-/kendo-react-data-tools-4.10.0.tgz",
      "integrity": "sha512-IGRkx/h2KoHb6kut8sbjIeS1tr9EfzJnSn+d5wewHfXgSpsvzQPBriaoKUQ/jBnHhk7vy4WL9juda82j8kIaCg==",
      "requires": {
        "@progress/kendo-react-common": "4.10.0",
        "prop-types": "^15.6.0"
      }
    },
    "@progress/kendo-react-dateinputs": {
      "version": "4.10.0",
      "resolved": "https://registry.npmjs.org/@progress/kendo-react-dateinputs/-/kendo-react-dateinputs-4.10.0.tgz",
      "integrity": "sha512-Rrk5V3c/v2Z4aQ+xiTLs6upS7Qa7w5jsZRzcH1xaABtyCz7wAN5pRKj1MmHrWDM74wpsdvxJnEgMCk2yNdT76g==",
      "requires": {
        "@progress/kendo-date-math": "^1.4.0",
        "@progress/kendo-react-buttons": "4.10.0",
        "@progress/kendo-react-common": "4.10.0",
        "@progress/kendo-react-labels": "4.10.0",
        "@progress/kendo-react-popup": "4.10.0",
        "prop-types": "^15.6.0"
      }
    },
    "@progress/kendo-react-dropdowns": {
      "version": "4.10.0",
      "resolved": "https://registry.npmjs.org/@progress/kendo-react-dropdowns/-/kendo-react-dropdowns-4.10.0.tgz",
      "integrity": "sha512-MFglYWYECsq4KnlTGQCIIEUCDI9BYnMeEouZIrYcYctMEkNFqvtrQIIUBmDByLY85TWRBNcVl/9HeiCQ8WWAHw==",
      "requires": {
        "@progress/kendo-react-common": "4.10.0",
        "@progress/kendo-react-labels": "4.10.0",
        "@progress/kendo-react-popup": "4.10.0",
        "prop-types": "^15.6.0"
      }
    },
    "@progress/kendo-react-grid": {
      "version": "4.10.0",
      "resolved": "https://registry.npmjs.org/@progress/kendo-react-grid/-/kendo-react-grid-4.10.0.tgz",
      "integrity": "sha512-oDHBYnUbMtEPP1zTY+lWuVsvPyP5DNuDlAB8wY4R5+RxyR52JI0Mg6KrkFSi5clprPaWPP804KmsMgzvTmIpRQ==",
      "requires": {
        "@progress/kendo-react-common": "4.10.0",
        "prop-types": "^15.6.0"
      }
    },
    "@progress/kendo-react-inputs": {
      "version": "4.10.0",
      "resolved": "https://registry.npmjs.org/@progress/kendo-react-inputs/-/kendo-react-inputs-4.10.0.tgz",
      "integrity": "sha512-jBGuSiGqKRlJkxWISt0Ez5o6dVeqRYygHKpkyqr7wdffELkuP1ODU50J0YY5GlmlPzASmDn1kgo3woSHd4hbAA==",
      "requires": {
        "@progress/kendo-react-common": "4.10.0",
        "@progress/kendo-react-labels": "4.10.0",
        "@progress/kendo-react-popup": "4.10.0",
        "prop-types": "^15.6.0"
      }
    },
    "@progress/kendo-react-intl": {
      "version": "4.10.0",
      "resolved": "https://registry.npmjs.org/@progress/kendo-react-intl/-/kendo-react-intl-4.10.0.tgz",
      "integrity": "sha512-OiUjtUle8BPxSnfMTfZCD55dHoh+gJ4b9b3+9AcSA86yPhQ5YxFMKfgDOmsUDzJmMQL5MnjTMFZGnWy42THxOw==",
      "requires": {
        "@telerik/kendo-intl": "^2.1.0",
        "prop-types": "^15.6.0"
      }
    },
    "@progress/kendo-react-labels": {
      "version": "4.10.0",
      "requires": {
        "@progress/kendo-react-common": "4.10.0",
        "prop-types": "^15.6.0"
      }
    },
    "@progress/kendo-react-popup": {
      "version": "4.10.0",
      "requires": {
        "@progress/kendo-popup-common": "^1.2.2",
        "@progress/kendo-react-common": "4.10.0",
        "prop-types": "^15.6.0"
      }
    },
    "@progress/kendo-react-treeview": {
      "version": "4.10.0",
      "peer": true,
      "requires": {
        "@progress/kendo-react-common": "4.10.0",
        "prop-types": "^15.6.0"
      }
    },
    "@progress/kendo-theme-default": {
      "version": "4.42.0",
      "resolved": "https://registry.npmjs.org/@progress/kendo-theme-default/-/kendo-theme-default-4.42.0.tgz",
      "integrity": "sha512-0rxgq0YSBuzcjCTAati1oCnUb0Pu+4HCSS0DV25eG5n8qFQwddE+sYHD1/3Fv5XBOlaSx5sF16hh7rCBsU12wA=="
    },
    "@progress/pako-esm": {
      "version": "1.0.1"
    },
    "@telerik/kendo-draggable": {
      "version": "2.2.1"
    },
    "@telerik/kendo-intl": {
      "version": "2.3.0"
    },
    "buffer-equal-constant-time": {
      "version": "1.0.1"
    },
    "dom-helpers": {
      "version": "5.2.1",
      "requires": {
        "@babel/runtime": "^7.8.7",
        "csstype": "^3.0.2"
      },
      "dependencies": {
        "csstype": {
          "version": "3.0.10"
        }
      }
    },
    "ecdsa-sig-formatter": {
      "version": "1.0.11",
      "requires": {
        "safe-buffer": "^5.0.1"
      }
    },
    "js-tokens": {
      "version": "4.0.0"
    },
    "jsonwebtoken": {
      "version": "8.5.1",
      "requires": {
        "jws": "^3.2.2",
        "lodash.includes": "^4.3.0",
        "lodash.isboolean": "^3.0.3",
        "lodash.isinteger": "^4.0.4",
        "lodash.isnumber": "^3.0.3",
        "lodash.isplainobject": "^4.0.6",
        "lodash.isstring": "^4.0.1",
        "lodash.once": "^4.0.0",
        "ms": "^2.1.1",
        "semver": "^5.6.0"
      }
    },
    "jwa": {
      "version": "1.4.1",
      "requires": {
        "buffer-equal-constant-time": "1.0.1",
        "ecdsa-sig-formatter": "1.0.11",
        "safe-buffer": "^5.0.1"
      }
    },
    "jws": {
      "version": "3.2.2",
      "requires": {
        "jwa": "^1.4.1",
        "safe-buffer": "^5.0.1"
      }
    },
    "lodash.includes": {
      "version": "4.3.0"
    },
    "lodash.isboolean": {
      "version": "3.0.3"
    },
    "lodash.isinteger": {
      "version": "4.0.4"
    },
    "lodash.isnumber": {
      "version": "3.0.3"
    },
    "lodash.isplainobject": {
      "version": "4.0.6"
    },
    "lodash.isstring": {
      "version": "4.0.1"
    },
    "lodash.once": {
      "version": "4.1.1"
    },
    "loose-envify": {
      "version": "1.4.0",
      "requires": {
        "js-tokens": "^3.0.0 || ^4.0.0"
      }
    },
    "ms": {
      "version": "2.1.3"
    },
    "object-assign": {
      "version": "4.1.1"
    },
    "prop-types": {
      "version": "15.7.2",
      "requires": {
        "loose-envify": "^1.4.0",
        "object-assign": "^4.1.1",
        "react-is": "^16.8.1"
      }
    },
    "react": {
      "version": "16.14.0",
      "peer": true,
      "requires": {
        "loose-envify": "^1.1.0",
        "object-assign": "^4.1.1",
        "prop-types": "^15.6.2"
      }
    },
    "react-dom": {
      "version": "16.14.0",
      "peer": true,
      "requires": {
        "loose-envify": "^1.1.0",
        "object-assign": "^4.1.1",
        "prop-types": "^15.6.2",
        "scheduler": "^0.19.1"
      }
    },
    "react-is": {
      "version": "16.13.1"
    },
    "react-transition-group": {
      "version": "4.4.2",
      "requires": {
        "@babel/runtime": "^7.5.5",
        "dom-helpers": "^5.0.1",
        "loose-envify": "^1.4.0",
        "prop-types": "^15.6.2"
      }
    },
    "regenerator-runtime": {
      "version": "0.13.9"
    },
    "safe-buffer": {
      "version": "5.1.2"
    },
    "scheduler": {
      "version": "0.19.1",
      "peer": true,
      "requires": {
        "loose-envify": "^1.1.0",
        "object-assign": "^4.1.1"
      }
    },
    "semver": {
      "version": "5.7.1"
    },
    "tslib": {
      "version": "1.14.1"
    }
  }
}
